// !$*UTF8*$!
{
	archiveVersion = 1;
	classes = {
	};
	objectVersion = 46;
	objects = {

/* Begin PBXBuildFile section */
		AEB5BE411D001C970074DC25 /* main.swift in Sources */ = {isa = PBXBuildFile; fileRef = AEB5BE401D001C970074DC25 /* main.swift */; };
		AEB5BE481D001CB70074DC25 /* Dock.swift in Sources */ = {isa = PBXBuildFile; fileRef = AEB5BE471D001CB70074DC25 /* Dock.swift */; };
		AEB5BE4A1D001D200074DC25 /* FileOperations.swift in Sources */ = {isa = PBXBuildFile; fileRef = AEB5BE491D001D200074DC25 /* FileOperations.swift */; };
/* End PBXBuildFile section */

/* Begin PBXCopyFilesBuildPhase section */
		AEB5BE3B1D001C970074DC25 /* CopyFiles */ = {
			isa = PBXCopyFilesBuildPhase;
			buildActionMask = 2147483647;
			dstPath = /usr/share/man/man1/;
			dstSubfolderSpec = 0;
			files = (
			);
			runOnlyForDeploymentPostprocessing = 1;
		};
/* End PBXCopyFilesBuildPhase section */

/* Begin PBXFileReference section */
		AEB5BE3D1D001C970074DC25 /* dockmaster */ = {isa = PBXFileReference; explicitFileType = "compiled.mach-o.executable"; includeInIndex = 0; path = dockmaster; sourceTree = BUILT_PRODUCTS_DIR; };
		AEB5BE401D001C970074DC25 /* main.swift */ = {isa = PBXFileReference; lastKnownFileType = sourcecode.swift; path = main.swift; sourceTree = "<group>"; };
		AEB5BE471D001CB70074DC25 /* Dock.swift */ = {isa = PBXFileReference; fileEncoding = 4; lastKnownFileType = sourcecode.swift; path = Dock.swift; sourceTree = "<group>"; };
		AEB5BE491D001D200074DC25 /* FileOperations.swift */ = {isa = PBXFileReference; fileEncoding = 4; lastKnownFileType = sourcecode.swift; path = FileOperations.swift; sourceTree = "<group>"; };
/* End PBXFileReference section */

/* Begin PBXFrameworksBuildPhase section */
		AEB5BE3A1D001C970074DC25 /* Frameworks */ = {
			isa = PBXFrameworksBuildPhase;
			buildActionMask = 2147483647;
			files = (
			);
			runOnlyForDeploymentPostprocessing = 0;
		};
/* End PBXFrameworksBuildPhase section */

/* Begin PBXGroup section */
		AEB5BE341D001C970074DC25 = {
			isa = PBXGroup;
			children = (
				AEB5BE3F1D001C970074DC25 /* Dock Master */,
				AEB5BE3E1D001C970074DC25 /* Products */,
			);
			sourceTree = "<group>";
		};
		AEB5BE3E1D001C970074DC25 /* Products */ = {
			isa = PBXGroup;
			children = (
				AEB5BE3D1D001C970074DC25 /* dockmaster */,
			);
			name = Products;
			sourceTree = "<group>";
		};
		AEB5BE3F1D001C970074DC25 /* Dock Master */ = {
			isa = PBXGroup;
			children = (
				AEB5BE401D001C970074DC25 /* main.swift */,
				AEB5BE471D001CB70074DC25 /* Dock.swift */,
				AEB5BE491D001D200074DC25 /* FileOperations.swift */,
			);
			path = "Dock Master";
			sourceTree = "<group>";
		};
/* End PBXGroup section */

/* Begin PBXNativeTarget section */
		AEB5BE3C1D001C970074DC25 /* dockmaster */ = {
			isa = PBXNativeTarget;
			buildConfigurationList = AEB5BE441D001C970074DC25 /* Build configuration list for PBXNativeTarget "dockmaster" */;
			buildPhases = (
				AEB5BE391D001C970074DC25 /* Sources */,
				AEB5BE3A1D001C970074DC25 /* Frameworks */,
				AEB5BE3B1D001C970074DC25 /* CopyFiles */,
			);
			buildRules = (
			);
			dependencies = (
			);
			name = dockmaster;
			productName = "Dock Master";
			productReference = AEB5BE3D1D001C970074DC25 /* dockmaster */;
			productType = "com.apple.product-type.tool";
		};
/* End PBXNativeTarget section */

/* Begin PBXProject section */
		AEB5BE351D001C970074DC25 /* Project object */ = {
			isa = PBXProject;
			attributes = {
				LastSwiftUpdateCheck = 0730;
				LastUpgradeCheck = 0730;
				ORGANIZATIONNAME = "Error-free IT";
				TargetAttributes = {
					AEB5BE3C1D001C970074DC25 = {
						CreatedOnToolsVersion = 7.3;
					};
				};
			};
			buildConfigurationList = AEB5BE381D001C970074DC25 /* Build configuration list for PBXProject "Dock Master" */;
			compatibilityVersion = "Xcode 3.2";
			developmentRegion = English;
			hasScannedForEncodings = 0;
			knownRegions = (
				en,
			);
			mainGroup = AEB5BE341D001C970074DC25;
			productRefGroup = AEB5BE3E1D001C970074DC25 /* Products */;
			projectDirPath = "";
			projectRoot = "";
			targets = (
				AEB5BE3C1D001C970074DC25 /* dockmaster */,
			);
		};
/* End PBXProject section */

/* Begin PBXSourcesBuildPhase section */
		AEB5BE391D001C970074DC25 /* Sources */ = {
			isa = PBXSourcesBuildPhase;
			buildActionMask = 2147483647;
			files = (
				AEB5BE481D001CB70074DC25 /* Dock.swift in Sources */,
				AEB5BE4A1D001D200074DC25 /* FileOperations.swift in Sources */,
				AEB5BE411D001C970074DC25 /* main.swift in Sources */,
			);
			runOnlyForDeploymentPostprocessing = 0;
		};
/* End PBXSourcesBuildPhase section */

/* Begin XCBuildConfiguration section */
		AEB5BE421D001C970074DC25 /* Debug */ = {
			isa = XCBuildConfiguration;
			buildSettings = {
				ALWAYS_SEARCH_USER_PATHS = NO;
				CLANG_ANALYZER_NONNULL = YES;
				CLANG_CXX_LANGUAGE_STANDARD = "gnu++0x";
				CLANG_CXX_LIBRARY = "libc++";
				CLANG_ENABLE_MODULES = YES;
				CLANG_ENABLE_OBJC_ARC = YES;
				CLANG_WARN_BOOL_CONVERSION = YES;
				CLANG_WARN_CONSTANT_CONVERSION = YES;
				CLANG_WARN_DIRECT_OBJC_ISA_USAGE = YES_ERROR;
				CLANG_WARN_EMPTY_BODY = YES;
				CLANG_WARN_ENUM_CONVERSION = YES;
				CLANG_WARN_INT_CONVERSION = YES;
				CLANG_WARN_OBJC_ROOT_CLASS = YES_ERROR;
				CLANG_WARN_UNREACHABLE_CODE = YES;
				CLANG_WARN__DUPLICATE_METHOD_MATCH = YES;
				CODE_SIGN_IDENTITY = "-";
				COPY_PHASE_STRIP = NO;
				DEBUG_INFORMATION_FORMAT = dwarf;
				ENABLE_STRICT_OBJC_MSGSEND = YES;
				ENABLE_TESTABILITY = YES;
				GCC_C_LANGUAGE_STANDARD = gnu99;
				GCC_DYNAMIC_NO_PIC = NO;
				GCC_NO_COMMON_BLOCKS = YES;
				GCC_OPTIMIZATION_LEVEL = 0;
				GCC_PREPROCESSOR_DEFINITIONS = (
					"DEBUG=1",
					"$(inherited)",
				);
				GCC_WARN_64_TO_32_BIT_CONVERSION = YES;
				GCC_WARN_ABOUT_RETURN_TYPE = YES_ERROR;
				GCC_WARN_UNDECLARED_SELECTOR = YES;
				GCC_WARN_UNINITIALIZED_AUTOS = YES_AGGRESSIVE;
				GCC_WARN_UNUSED_FUNCTION = YES;
				GCC_WARN_UNUSED_VARIABLE = YES;
				MACOSX_DEPLOYMENT_TARGET = 10.11;
				MTL_ENABLE_DEBUG_INFO = YES;
				ONLY_ACTIVE_ARCH = YES;
				SDKROOT = macosx;
				SWIFT_OPTIMIZATION_LEVEL = "-Onone";
			};
			name = Debug;
		};
		AEB5BE431D001C970074DC25 /* Release */ = {
			isa = XCBuildConfiguration;
			buildSettings = {
				ALWAYS_SEARCH_USER_PATHS = NO;
				CLANG_ANALYZER_NONNULL = YES;
				CLANG_CXX_LANGUAGE_STANDARD = "gnu++0x";
				CLANG_CXX_LIBRARY = "libc++";
				CLANG_ENABLE_MODULES = YES;
				CLANG_ENABLE_OBJC_ARC = YES;
				CLANG_WARN_BOOL_CONVERSION = YES;
				CLANG_WARN_CONSTANT_CONVERSION = YES;
				CLANG_WARN_DIRECT_OBJC_ISA_USAGE = YES_ERROR;
				CLANG_WARN_EMPTY_BODY = YES;
				CLANG_WARN_ENUM_CONVERSION = YES;
				CLANG_WARN_INT_CONVERSION = YES;
				CLANG_WARN_OBJC_ROOT_CLASS = YES_ERROR;
				CLANG_WARN_UNREACHABLE_CODE = YES;
				CLANG_WARN__DUPLICATE_METHOD_MATCH = YES;
				CODE_SIGN_IDENTITY = "-";
				COPY_PHASE_STRIP = NO;
				DEBUG_INFORMATION_FORMAT = "dwarf-with-dsym";
				ENABLE_NS_ASSERTIONS = NO;
				ENABLE_STRICT_OBJC_MSGSEND = YES;
				GCC_C_LANGUAGE_STANDARD = gnu99;
				GCC_NO_COMMON_BLOCKS = YES;
				GCC_WARN_64_TO_32_BIT_CONVERSION = YES;
				GCC_WARN_ABOUT_RETURN_TYPE = YES_ERROR;
				GCC_WARN_UNDECLARED_SELECTOR = YES;
				GCC_WARN_UNINITIALIZED_AUTOS = YES_AGGRESSIVE;
				GCC_WARN_UNUSED_FUNCTION = YES;
				GCC_WARN_UNUSED_VARIABLE = YES;
				MACOSX_DEPLOYMENT_TARGET = 10.11;
				MTL_ENABLE_DEBUG_INFO = NO;
				SDKROOT = macosx;
			};
			name = Release;
		};
		AEB5BE451D001C970074DC25 /* Debug */ = {
			isa = XCBuildConfiguration;
			buildSettings = {
				PRODUCT_NAME = "$(TARGET_NAME)";
			};
			name = Debug;
		};
		AEB5BE461D001C970074DC25 /* Release */ = {
			isa = XCBuildConfiguration;
			buildSettings = {
				PRODUCT_NAME = "$(TARGET_NAME)";
			};
			name = Release;
		};
/* End XCBuildConfiguration section */

/* Begin XCConfigurationList section */
		AEB5BE381D001C970074DC25 /* Build configuration list for PBXProject "Dock Master" */ = {
			isa = XCConfigurationList;
			buildConfigurations = (
				AEB5BE421D001C970074DC25 /* Debug */,
				AEB5BE431D001C970074DC25 /* Release */,
			);
			defaultConfigurationIsVisible = 0;
			defaultConfigurationName = Release;
		};
		AEB5BE441D001C970074DC25 /* Build configuration list for PBXNativeTarget "dockmaster" */ = {
			isa = XCConfigurationList;
			buildConfigurations = (
				AEB5BE451D001C970074DC25 /* Debug */,
				AEB5BE461D001C970074DC25 /* Release */,
			);
			defaultConfigurationIsVisible = 0;
			defaultConfigurationName = Release;
		};
/* End XCConfigurationList section */
	};
	rootObject = AEB5BE351D001C970074DC25 /* Project object */;
}
